
Microsoft Visual Studio Solution File, Format Version 12.00
# Visual Studio Version 16
VisualStudioVersion = 16.0.28407.52
MinimumVisualStudioVersion = 10.0.40219.1
Project("{FAE04EC0-301F-11D3-BF4B-00C04F79EFBC}") = "QuizBox.Admin", "QuizBox.Admin\QuizBox.Admin.csproj", "{A5184B8B-C4F5-4317-A617-500E2C8E1A50}"
EndProject
Global
	GlobalSection(SolutionConfigurationPlatforms) = preSolution
		Debug|Any CPU = Debug|Any CPU
		Release|Any CPU = Release|Any CPU
	EndGlobalSection
	GlobalSection(ProjectConfigurationPlatforms) = postSolution
		{A5184B8B-C4F5-4317-A617-500E2C8E1A50}.Debug|Any CPU.ActiveCfg = Debug|Any CPU
		{A5184B8B-C4F5-4317-A617-500E2C8E1A50}.Debug|Any CPU.Build.0 = Debug|Any CPU
		{A5184B8B-C4F5-4317-A617-500E2C8E1A50}.Release|Any CPU.ActiveCfg = Release|Any CPU
		{A5184B8B-C4F5-4317-A617-500E2C8E1A50}.Release|Any CPU.Build.0 = Release|Any CPU
	EndGlobalSection
	GlobalSection(SolutionProperties) = preSolution
		HideSolutionNode = FALSE
	EndGlobalSection
	GlobalSection(ExtensibilityGlobals) = postSolution
		SolutionGuid = {40873F1F-8BC7-4504-9BA2-BD06302A3634}
	EndGlobalSection
EndGlobal
